
Microsoft Visual Studio Solution File, Format Version 12.00
# Visual Studio Version 17
VisualStudioVersion = 17.3.32929.385
MinimumVisualStudioVersion = 10.0.40219.1
Project("{FAE04EC0-301F-11D3-BF4B-00C04F79EFBC}") = "Practica_Metodos", "Practica_Metodos\Practica_Metodos.csproj", "{F5BE5244-75D4-4A2F-B5D5-4BE20A4E213C}"
EndProject
Project("{FAE04EC0-301F-11D3-BF4B-00C04F79EFBC}") = "LoopsYVectores", "LoopsYVectores\LoopsYVectores.csproj", "{FB806E20-B993-462F-8F49-3AAA891403BB}"
EndProject
Global
	GlobalSection(SolutionConfigurationPlatforms) = preSolution
		Debug|Any CPU = Debug|Any CPU
		Release|Any CPU = Release|Any CPU
	EndGlobalSection
	GlobalSection(ProjectConfigurationPlatforms) = postSolution
		{F5BE5244-75D4-4A2F-B5D5-4BE20A4E213C}.Debug|Any CPU.ActiveCfg = Debug|Any CPU
		{F5BE5244-75D4-4A2F-B5D5-4BE20A4E213C}.Debug|Any CPU.Build.0 = Debug|Any CPU
		{F5BE5244-75D4-4A2F-B5D5-4BE20A4E213C}.Release|Any CPU.ActiveCfg = Release|Any CPU
		{F5BE5244-75D4-4A2F-B5D5-4BE20A4E213C}.Release|Any CPU.Build.0 = Release|Any CPU
		{FB806E20-B993-462F-8F49-3AAA891403BB}.Debug|Any CPU.ActiveCfg = Debug|Any CPU
		{FB806E20-B993-462F-8F49-3AAA891403BB}.Debug|Any CPU.Build.0 = Debug|Any CPU
		{FB806E20-B993-462F-8F49-3AAA891403BB}.Release|Any CPU.ActiveCfg = Release|Any CPU
		{FB806E20-B993-462F-8F49-3AAA891403BB}.Release|Any CPU.Build.0 = Release|Any CPU
	EndGlobalSection
	GlobalSection(SolutionProperties) = preSolution
		HideSolutionNode = FALSE
	EndGlobalSection
	GlobalSection(ExtensibilityGlobals) = postSolution
		SolutionGuid = {34CC6FBD-2BDC-4D4F-BF41-D61133A95B00}
	EndGlobalSection
EndGlobal
